
Microsoft Visual Studio Solution File, Format Version 12.00
Project("{FAE04EC0-301F-11D3-BF4B-00C04F79EFBC}") = "BeatmapBackporter", "BeatmapBackporter\BeatmapBackporter.csproj", "{A209332A-96D0-4228-887B-98C867B25423}"
EndProject
Project("{FAE04EC0-301F-11D3-BF4B-00C04F79EFBC}") = "BeatmapParser", "BeatmapParser\BeatmapParser.csproj", "{4AF35967-E768-4966-84A8-25F1D9BBCDA7}"
EndProject
Project("{FAE04EC0-301F-11D3-BF4B-00C04F79EFBC}") = "OldOsuExporter", "OldOsuExporter\OldOsuExporter.csproj", "{189755DE-A15B-43ED-BD57-710E4A450986}"
EndProject
Global
	GlobalSection(SolutionConfigurationPlatforms) = preSolution
		Debug|Any CPU = Debug|Any CPU
		Release|Any CPU = Release|Any CPU
	EndGlobalSection
	GlobalSection(ProjectConfigurationPlatforms) = postSolution
		{A209332A-96D0-4228-887B-98C867B25423}.Debug|Any CPU.ActiveCfg = Debug|Any CPU
		{A209332A-96D0-4228-887B-98C867B25423}.Debug|Any CPU.Build.0 = Debug|Any CPU
		{A209332A-96D0-4228-887B-98C867B25423}.Release|Any CPU.ActiveCfg = Release|Any CPU
		{A209332A-96D0-4228-887B-98C867B25423}.Release|Any CPU.Build.0 = Release|Any CPU
		{4AF35967-E768-4966-84A8-25F1D9BBCDA7}.Debug|Any CPU.ActiveCfg = Debug|Any CPU
		{4AF35967-E768-4966-84A8-25F1D9BBCDA7}.Debug|Any CPU.Build.0 = Debug|Any CPU
		{4AF35967-E768-4966-84A8-25F1D9BBCDA7}.Release|Any CPU.ActiveCfg = Release|Any CPU
		{4AF35967-E768-4966-84A8-25F1D9BBCDA7}.Release|Any CPU.Build.0 = Release|Any CPU
		{189755DE-A15B-43ED-BD57-710E4A450986}.Debug|Any CPU.ActiveCfg = Debug|Any CPU
		{189755DE-A15B-43ED-BD57-710E4A450986}.Debug|Any CPU.Build.0 = Debug|Any CPU
		{189755DE-A15B-43ED-BD57-710E4A450986}.Release|Any CPU.ActiveCfg = Release|Any CPU
		{189755DE-A15B-43ED-BD57-710E4A450986}.Release|Any CPU.Build.0 = Release|Any CPU
	EndGlobalSection
EndGlobal
